{
  "name": "harness-mobile-ish-plugin-host",
  "version": "1.8.0",
  "lockfileVersion": 3,
  "requires": true,
  "packages": {
    "": {
      "name": "harness-mobile-ish-plugin-host",
      "version": "1.8.0",
      "dependencies": {
        "@deepseek-ai/cordis": "4.0.1",
        "@deepseek-ai/cordis-plugin-group": "1.0.1",
        "@deepseek-ai/cordis-plugin-include": "1.0.6",
        "@deepseek-ai/cordis-plugin-loader": "1.0.2",
        "@deepseek-ai/cordis-plugin-timer": "1.1.3",
        "@deepseek-ai/dsh-agent": "0.1.1-rc.2",
        "@deepseek-ai/dsh-app-boot": "0.1.1-rc.2",
        "@deepseek-ai/dsh-atomic-write": "0.1.1-rc.2",
        "@deepseek-ai/dsh-attachment": "0.1.1-rc.2",
        "@deepseek-ai/dsh-brand": "0.1.1-rc.2",
        "@deepseek-ai/dsh-code-runtime": "0.1.1-rc.2",
        "@deepseek-ai/dsh-commands": "0.1.1-rc.2",
        "@deepseek-ai/dsh-cordis-host-runner": "0.1.1-rc.2",
        "@deepseek-ai/dsh-home-paths": "0.1.1-rc.2",
        "@deepseek-ai/dsh-invariants": "0.1.1-rc.2",
        "@deepseek-ai/dsh-launch-environment": "0.1.1-rc.2",
        "@deepseek-ai/dsh-llm": "0.1.1-rc.2",
        "@deepseek-ai/dsh-scope": "0.1.1-rc.2",
        "@deepseek-ai/dsh-session": "0.1.1-rc.2",
        "@deepseek-ai/dsh-session-persistence": "0.1.1-rc.2",
        "@deepseek-ai/dsh-session-projection": "0.1.1-rc.2",
        "@deepseek-ai/dsh-session-query": "0.1.1-rc.2",
        "@deepseek-ai/dsh-session-title": "0.1.1-rc.2",
        "@deepseek-ai/dsh-settings": "0.1.1-rc.2",
        "@deepseek-ai/dsh-settings-file": "0.1.1-rc.2",
        "@deepseek-ai/dsh-skill": "0.1.1-rc.2",
        "@deepseek-ai/dsh-system-prompt": "0.1.1-rc.2",
        "@deepseek-ai/dsh-timeout": "0.1.1-rc.2",
        "@deepseek-ai/dsh-tool-cordis": "0.1.1-rc.2",
        "@deepseek-ai/dsh-tools": "0.1.1-rc.2",
        "@deepseek-ai/dsh-typert-protocol": "0.1.1-rc.2",
        "@deepseek-ai/dsh-user-approval": "0.1.1-rc.2",
        "yauzl": "3.4.0"
      },
      "engines": {
        "node": ">=20.17.0"
      }
    },
    "node_modules/@deepseek-ai/cordis": {
      "version": "4.0.1",
      "resolved": "https://registry.npmjs.org/@deepseek-ai/cordis/-/cordis-4.0.1.tgz",
      "integrity": "sha512-YBdskTU2Po1kru3GgcUWUbkTsPMA9LkSQDAY8rBkFJeajdgcQad3QPJZE26JyK99Xb6HaASvoXg2DSUTeN/0Nw==",
      "license": "MIT",
      "dependencies": {
        "@deepseek-ai/cosmokit": "^1.8.2",
        "@standard-schema/spec": "^1.1.0"
      },
      "bin": {
        "cordis": "bin.js"
      },
      "peerDependencies": {
        "@deepseek-ai/cordis-plugin-include": "^1.0.6",
        "@deepseek-ai/cordis-plugin-loader": "^1.0.2"
      },
      "peerDependenciesMeta": {
        "@deepseek-ai/cordis-plugin-include": {
          "optional": true
        },
        "@deepseek-ai/cordis-plugin-loader": {
          "optional": true
        }
      }
    },
    "node_modules/@deepseek-ai/cordis-plugin-group": {
      "version": "1.0.1",
      "resolved": "https://registry.npmjs.org/@deepseek-ai/cordis-plugin-group/-/cordis-plugin-group-1.0.1.tgz",
      "integrity": "sha512-E1NThkFB3jn3TCqa6Oc++1zQHqLejF3W2wDwv2BlL3UEmgtBXL1K1j1koc+j676RuiOXtJkUJlPcOntRGKLWBQ==",
      "license": "MIT",
      "peerDependencies": {
        "@deepseek-ai/cordis": "^4.0.1",
        "@deepseek-ai/cordis-plugin-loader": "^1.0.2"
      }
    },
    "node_modules/@deepseek-ai/cordis-plugin-include": {
      "version": "1.0.6",
      "resolved": "https://registry.npmjs.org/@deepseek-ai/cordis-plugin-include/-/cordis-plugin-include-1.0.6.tgz",
      "integrity": "sha512-i1VXrZCbv6tk/iUgedCNjrxxArbWT3IvRZGB5sdqJ3ectnihivXXQbRZ8JJ73DSmAPvlMGmrbtjFAfm10yvXRg==",
      "license": "MIT",
      "dependencies": {
        "@deepseek-ai/cosmokit": "^1.8.2",
        "js-yaml": "^4.1.0"
      },
      "peerDependencies": {
        "@deepseek-ai/cordis": "^4.0.1",
        "@deepseek-ai/cordis-plugin-loader": "^1.0.2"
      }
    },
    "node_modules/@deepseek-ai/cordis-plugin-loader": {
      "version": "1.0.2",
      "resolved": "https://registry.npmjs.org/@deepseek-ai/cordis-plugin-loader/-/cordis-plugin-loader-1.0.2.tgz",
      "integrity": "sha512-RIW9hoVyhYDWdCI9BsvtZccPde1ECLC4OAxupwowGTak78vwVTVdb3HezTSOK1Y1/Ax3Ru0LA1pYOB04CnTxIQ==",
      "license": "MIT",
      "dependencies": {
        "@deepseek-ai/cosmokit": "^1.8.2"
      },
      "peerDependencies": {
        "@deepseek-ai/cordis": "^4.0.1",
        "node-addon-require-builtin": "^0.1.4"
      },
      "peerDependenciesMeta": {
        "node-addon-require-builtin": {
          "optional": true
        }
      }
    },
    "node_modules/@deepseek-ai/cordis-plugin-timer": {
      "version": "1.1.3",
      "resolved": "https://registry.npmjs.org/@deepseek-ai/cordis-plugin-timer/-/cordis-plugin-timer-1.1.3.tgz",
      "integrity": "sha512-IOkey1VNmJwYa5U8bksyMOnM7mtirqjjbWLr3xA8QybLMK0sMooG3a6iJwtvd8P3MFwo3FQibEg+JPixp37MEw==",
      "license": "MIT",
      "dependencies": {
        "@deepseek-ai/cosmokit": "^1.8.2"
      },
      "peerDependencies": {
        "@deepseek-ai/cordis": "^4.0.1"
      }
    },
    "node_modules/@deepseek-ai/cosmokit": {
      "version": "1.8.2",
      "resolved": "https://registry.npmjs.org/@deepseek-ai/cosmokit/-/cosmokit-1.8.2.tgz",
      "integrity": "sha512-muBOKtSrUKU5m/xpq8ZXWL6hQ/jgd4PhU2PqH97bcxIiLEJfNwZOGQEx4t/aS/GgxRAR+ra9pMHPMtTHU4sqqA==",
      "license": "MIT"
    },
    "node_modules/@deepseek-ai/dsh-agent": {
      "version": "0.1.1-rc.2",
      "resolved": "https://registry.npmjs.org/@deepseek-ai/dsh-agent/-/dsh-agent-0.1.1-rc.2.tgz",
      "integrity": "sha512-cC7lnJe7JgPFcreNXxcxLMxQd78LnpVO9ZXROjZsGRQN1zGH6i/DduI892F1am85IfzzO+XTxMwwUHmfwamb0g==",
      "license": "MIT",
      "peerDependencies": {
        "@deepseek-ai/cordis": "^4.0.1",
        "@deepseek-ai/dsh-invariants": "^0.1.1-rc.2",
        "@deepseek-ai/dsh-llm": "^0.1.1-rc.2",
        "@deepseek-ai/dsh-scope": "^0.1.1-rc.2",
        "@deepseek-ai/dsh-session": "^0.1.1-rc.2",
        "@deepseek-ai/dsh-system-prompt": "^0.1.1-rc.2",
        "@deepseek-ai/dsh-typert-protocol": "^0.1.1-rc.2"
      }
    },
    "node_modules/@deepseek-ai/dsh-app-boot": {
      "version": "0.1.1-rc.2",
      "resolved": "https://registry.npmjs.org/@deepseek-ai/dsh-app-boot/-/dsh-app-boot-0.1.1-rc.2.tgz",
      "integrity": "sha512-eynZWb0oNPKc4OO3HPokqFfz4b5sUEq+EjqhKE2TUWsUsOTgFO43l2Ai3LibqLu6XTpYeHCTbsRLM4Aqg0deBQ==",
      "license": "MIT",
      "dependencies": {
        "js-yaml": "^4.2.0"
      },
      "peerDependencies": {
        "@deepseek-ai/cordis": "^4.0.1",
        "@deepseek-ai/cordis-plugin-group": "^1.0.1",
        "@deepseek-ai/cordis-plugin-hmr": "^1.0.16",
        "@deepseek-ai/cordis-plugin-include": "^1.0.6",
        "@deepseek-ai/cordis-plugin-loader": "^1.0.2",
        "@deepseek-ai/dsh-home-paths": "^0.1.1-rc.2",
        "@deepseek-ai/dsh-invariants": "^0.1.1-rc.2",
        "@deepseek-ai/dsh-launch-environment": "^0.1.1-rc.2",
        "@deepseek-ai/dsh-system-prompt": "^0.1.1-rc.2"
      },
      "peerDependenciesMeta": {
        "@deepseek-ai/cordis-plugin-hmr": {
          "optional": true
        }
      }
    },
    "node_modules/@deepseek-ai/dsh-atomic-write": {
      "version": "0.1.1-rc.2",
      "resolved": "https://registry.npmjs.org/@deepseek-ai/dsh-atomic-write/-/dsh-atomic-write-0.1.1-rc.2.tgz",
      "integrity": "sha512-QqNSF0+Ddn6qWY480dlilwEy6FLv3JKEWx1UQgoNJrxD4y54SDRzqBQB9yDXWKOoOGyC+05TN6/Px10GNIzMWA==",
      "license": "MIT",
      "peerDependencies": {
        "@deepseek-ai/cordis": "^4.0.1",
        "@deepseek-ai/dsh-invariants": "^0.1.1-rc.2"
      }
    },
    "node_modules/@deepseek-ai/dsh-attachment": {
      "version": "0.1.1-rc.2",
      "resolved": "https://registry.npmjs.org/@deepseek-ai/dsh-attachment/-/dsh-attachment-0.1.1-rc.2.tgz",
      "integrity": "sha512-rCYAt8QsawP1yfDCU7XxNwYT/XWvyFsxYrkwhLLkdfW83QVD0CQHizSkTQE7RFX74nKUD1z3sTLfnLr7xneArw==",
      "license": "MIT",
      "peerDependencies": {
        "@deepseek-ai/cordis": "^4.0.1",
        "@deepseek-ai/dsh-brand": "^0.1.1-rc.2",
        "@deepseek-ai/dsh-invariants": "^0.1.1-rc.2"
      }
    },
    "node_modules/@deepseek-ai/dsh-brand": {
      "version": "0.1.1-rc.2",
      "resolved": "https://registry.npmjs.org/@deepseek-ai/dsh-brand/-/dsh-brand-0.1.1-rc.2.tgz",
      "integrity": "sha512-8vXsAXoUdzKAgvd/E9DgyT6HKmR6ZM4rtJ3fs/XoJ6n2kBk4tWil8Lv+jxCMWJeMOnTJF55gu2+NWQ3ECFPtJw==",
      "license": "MIT",
      "peerDependencies": {
        "@deepseek-ai/cordis": "^4.0.1",
        "@deepseek-ai/dsh-invariants": "^0.1.1-rc.2"
      }
    },
    "node_modules/@deepseek-ai/dsh-code-runtime": {
      "version": "0.1.1-rc.2",
      "resolved": "https://registry.npmjs.org/@deepseek-ai/dsh-code-runtime/-/dsh-code-runtime-0.1.1-rc.2.tgz",
      "integrity": "sha512-SgFresqH5UABzRQZ7tOfqzOLMHF7089VeH+mfcwNQH5peOavgEKrAGOYz/9RnISH0XmMrj/x177t8gfO8Uvo/w==",
      "license": "MIT",
      "peerDependencies": {
        "@deepseek-ai/cordis": "^4.0.1",
        "@deepseek-ai/dsh-invariants": "^0.1.1-rc.2"
      }
    },
    "node_modules/@deepseek-ai/dsh-commands": {
      "version": "0.1.1-rc.2",
      "resolved": "https://registry.npmjs.org/@deepseek-ai/dsh-commands/-/dsh-commands-0.1.1-rc.2.tgz",
      "integrity": "sha512-BOIe4Sht9rmMv1a6b3GWjWBbeWr7PtHlAy41vgpaymvUUuzOapOIA648ZMGCI/crRIt72Umev2FHtSwCNSbYZg==",
      "license": "MIT",
      "dependencies": {
        "zod": "^4.4.3"
      },
      "peerDependencies": {
        "@deepseek-ai/cordis": "^4.0.1",
        "@deepseek-ai/dsh-agent": "^0.1.1-rc.2",
        "@deepseek-ai/dsh-attachment": "^0.1.1-rc.2",
        "@deepseek-ai/dsh-brand": "^0.1.1-rc.2",
        "@deepseek-ai/dsh-invariants": "^0.1.1-rc.2",
        "@deepseek-ai/dsh-llm": "^0.1.1-rc.2",
        "@deepseek-ai/dsh-scope": "^0.1.1-rc.2",
        "@deepseek-ai/dsh-session": "^0.1.1-rc.2",
        "@deepseek-ai/dsh-typert-protocol": "^0.1.1-rc.2"
      }
    },
    "node_modules/@deepseek-ai/dsh-cordis-host-runner": {
      "version": "0.1.1-rc.2",
      "resolved": "https://registry.npmjs.org/@deepseek-ai/dsh-cordis-host-runner/-/dsh-cordis-host-runner-0.1.1-rc.2.tgz",
      "integrity": "sha512-+AQGegPy+gdtcjTTPxDDYwAFUn6BB1J/MFFbmpPr+WIqJoDyVsuCDe8Rr8mCJmxs12CmTZXXSOE03LW203W8fA==",
      "license": "MIT",
      "dependencies": {
        "@deepseek-ai/schemastery": "^3.18.1",
        "zod": "^4.4.3"
      },
      "peerDependencies": {
        "@deepseek-ai/cordis": "^4.0.1",
        "@deepseek-ai/dsh-agent": "^0.1.1-rc.2",
        "@deepseek-ai/dsh-brand": "^0.1.1-rc.2",
        "@deepseek-ai/dsh-invariants": "^0.1.1-rc.2",
        "@deepseek-ai/dsh-llm": "^0.1.1-rc.2",
        "@deepseek-ai/dsh-scope": "^0.1.1-rc.2",
        "@deepseek-ai/dsh-session": "^0.1.1-rc.2",
        "@deepseek-ai/dsh-tools": "^0.1.1-rc.2",
        "@deepseek-ai/dsh-typert-protocol": "^0.1.1-rc.2"
      }
    },
    "node_modules/@deepseek-ai/dsh-home-paths": {
      "version": "0.1.1-rc.2",
      "resolved": "https://registry.npmjs.org/@deepseek-ai/dsh-home-paths/-/dsh-home-paths-0.1.1-rc.2.tgz",
      "integrity": "sha512-lGsP7sbnu20AiRAb+gxYiKx9oa9r1D/8Fr6BwWHXpaPx6ZE4Qg0+ybh5SZVfGQ+XhLcQisu3nwWemEjtTJGiig==",
      "license": "MIT",
      "peerDependencies": {
        "@deepseek-ai/cordis": "^4.0.1",
        "@deepseek-ai/dsh-invariants": "^0.1.1-rc.2"
      }
    },
    "node_modules/@deepseek-ai/dsh-invariants": {
      "version": "0.1.1-rc.2",
      "resolved": "https://registry.npmjs.org/@deepseek-ai/dsh-invariants/-/dsh-invariants-0.1.1-rc.2.tgz",
      "integrity": "sha512-l+1Om/EDFyMjhgSuEx2WDLLA2fia/+ga9mBTCoT/MMslsnWaK5G0/lWwbwlTBSaJ6OfmYc3DuBgox8DbgIGHRQ==",
      "license": "MIT",
      "dependencies": {
        "@deepseek-ai/schemastery": "^3.18.1"
      },
      "peerDependencies": {
        "@deepseek-ai/cordis": "^4.0.1"
      }
    },
    "node_modules/@deepseek-ai/dsh-launch-environment": {
      "version": "0.1.1-rc.2",
      "resolved": "https://registry.npmjs.org/@deepseek-ai/dsh-launch-environment/-/dsh-launch-environment-0.1.1-rc.2.tgz",
      "integrity": "sha512-LIjPUPwaZ2cIiz98Oqxn9TDKXhWlp+0EGmUhk4RerBAkqRVtDl0B/leK1pSZLLIR+qcr+VAwLGJagY8Xm9XWvw==",
      "license": "MIT",
      "peerDependencies": {
        "@deepseek-ai/cordis": "^4.0.1",
        "@deepseek-ai/dsh-invariants": "^0.1.1-rc.2"
      }
    },
    "node_modules/@deepseek-ai/dsh-llm": {
      "version": "0.1.1-rc.2",
      "resolved": "https://registry.npmjs.org/@deepseek-ai/dsh-llm/-/dsh-llm-0.1.1-rc.2.tgz",
      "integrity": "sha512-ASJfjIdZbIXvLwi3rGo+eZb/GxMVV/WO5/XVD3B96mT8EIzrlw3+nMR6/CvmJVzcycKQ2XN0wj7jD6TasPRySA==",
      "license": "MIT",
      "dependencies": {
        "@deepseek-ai/schemastery": "^3.18.1"
      },
      "peerDependencies": {
        "@deepseek-ai/cordis": "^4.0.1",
        "@deepseek-ai/dsh-attachment": "^0.1.1-rc.2",
        "@deepseek-ai/dsh-brand": "^0.1.1-rc.2",
        "@deepseek-ai/dsh-invariants": "^0.1.1-rc.2",
        "@deepseek-ai/dsh-timeout": "^0.1.1-rc.2"
      }
    },
    "node_modules/@deepseek-ai/dsh-scope": {
      "version": "0.1.1-rc.2",
      "resolved": "https://registry.npmjs.org/@deepseek-ai/dsh-scope/-/dsh-scope-0.1.1-rc.2.tgz",
      "integrity": "sha512-Xy3ejL6dwVSluZL7XOWy76ya4pCw1uHwxodDK4O9XiQUiUV4FBXnt0aNJUtMeAFN0c1YujxxCmRniMvuuNn1Nw==",
      "license": "MIT",
      "peerDependencies": {
        "@deepseek-ai/cordis": "^4.0.1",
        "@deepseek-ai/dsh-invariants": "^0.1.1-rc.2"
      }
    },
    "node_modules/@deepseek-ai/dsh-session": {
      "version": "0.1.1-rc.2",
      "resolved": "https://registry.npmjs.org/@deepseek-ai/dsh-session/-/dsh-session-0.1.1-rc.2.tgz",
      "integrity": "sha512-4/cv6X9HPhm47eyRhCu/WZwzrtJKegk5J+0xaxcZ9i8S0smdxP57tqy8a0jkSshLQn7BzMFxneQrlYExrLrDhQ==",
      "license": "MIT",
      "peerDependencies": {
        "@deepseek-ai/cordis": "^4.0.1",
        "@deepseek-ai/dsh-brand": "^0.1.1-rc.2",
        "@deepseek-ai/dsh-invariants": "^0.1.1-rc.2",
        "@deepseek-ai/dsh-llm": "^0.1.1-rc.2",
        "@deepseek-ai/dsh-scope": "^0.1.1-rc.2",
        "@deepseek-ai/dsh-typert-protocol": "^0.1.1-rc.2"
      }
    },
    "node_modules/@deepseek-ai/dsh-session-persistence": {
      "version": "0.1.1-rc.2",
      "resolved": "https://registry.npmjs.org/@deepseek-ai/dsh-session-persistence/-/dsh-session-persistence-0.1.1-rc.2.tgz",
      "integrity": "sha512-dxdYxRfmK5jWtiFFabqRNb/jGGjkXyF2djI7O8IIKmDVjhQiv170zpvhbAhRUuqClEdseCtbQpLBrRm2blzt3g==",
      "license": "MIT",
      "peerDependencies": {
        "@deepseek-ai/cordis": "^4.0.1",
        "@deepseek-ai/dsh-brand": "^0.1.1-rc.2",
        "@deepseek-ai/dsh-invariants": "^0.1.1-rc.2",
        "@deepseek-ai/dsh-session": "^0.1.1-rc.2",
        "@deepseek-ai/dsh-timeout": "^0.1.1-rc.2"
      }
    },
    "node_modules/@deepseek-ai/dsh-session-projection": {
      "version": "0.1.1-rc.2",
      "resolved": "https://registry.npmjs.org/@deepseek-ai/dsh-session-projection/-/dsh-session-projection-0.1.1-rc.2.tgz",
      "integrity": "sha512-SNaOrjRS4RMXocna6uL33TeS/uhcQ7jDJtJZ1HyDPL06mXUdAgje2MVt8OZCh6dH95xIiqpQQm+KjzeiQnhYSQ==",
      "license": "MIT",
      "dependencies": {
        "zod": "^4.4.3"
      },
      "peerDependencies": {
        "@deepseek-ai/cordis": "^4.0.1",
        "@deepseek-ai/dsh-invariants": "^0.1.1-rc.2",
        "@deepseek-ai/dsh-session": "^0.1.1-rc.2"
      }
    },
    "node_modules/@deepseek-ai/dsh-session-query": {
      "version": "0.1.1-rc.2",
      "resolved": "https://registry.npmjs.org/@deepseek-ai/dsh-session-query/-/dsh-session-query-0.1.1-rc.2.tgz",
      "integrity": "sha512-QxQFRg/KnrZnYiO7fNtTJVTakuGs9ZFRkGGgYuNPzSz1pRqiohGNE/JZzBtq+HMv38RRTRZrM4aIOUV8OgqoXQ==",
      "license": "MIT",
      "peerDependencies": {
        "@deepseek-ai/cordis": "^4.0.1",
        "@deepseek-ai/dsh-brand": "^0.1.1-rc.2",
        "@deepseek-ai/dsh-invariants": "^0.1.1-rc.2",
        "@deepseek-ai/dsh-llm": "^0.1.1-rc.2",
        "@deepseek-ai/dsh-session": "^0.1.1-rc.2",
        "@deepseek-ai/dsh-session-persistence": "^0.1.1-rc.2",
        "@deepseek-ai/dsh-session-title": "^0.1.1-rc.2"
      },
      "peerDependenciesMeta": {
        "@deepseek-ai/dsh-session-persistence": {
          "optional": true
        }
      }
    },
    "node_modules/@deepseek-ai/dsh-session-title": {
      "version": "0.1.1-rc.2",
      "resolved": "https://registry.npmjs.org/@deepseek-ai/dsh-session-title/-/dsh-session-title-0.1.1-rc.2.tgz",
      "integrity": "sha512-qHv+9nE6J/piHsWwckmbJBS1sJjunCWsv00arhsgjW1XMLCHxG6QOB+U48P4EBZjve798Tz8AQIlWZy+9T8XmA==",
      "license": "MIT",
      "dependencies": {
        "@deepseek-ai/schemastery": "^3.18.1",
        "zod": "^4.4.3"
      },
      "peerDependencies": {
        "@deepseek-ai/cordis": "^4.0.1",
        "@deepseek-ai/dsh-brand": "^0.1.1-rc.2",
        "@deepseek-ai/dsh-invariants": "^0.1.1-rc.2",
        "@deepseek-ai/dsh-llm": "^0.1.1-rc.2",
        "@deepseek-ai/dsh-session": "^0.1.1-rc.2",
        "@deepseek-ai/dsh-session-projection": "^0.1.1-rc.2"
      }
    },
    "node_modules/@deepseek-ai/dsh-settings": {
      "version": "0.1.1-rc.2",
      "resolved": "https://registry.npmjs.org/@deepseek-ai/dsh-settings/-/dsh-settings-0.1.1-rc.2.tgz",
      "integrity": "sha512-iGdKEt91Im3gE7xA9CzRfTJsPcFcxDeDOCLhAjzbpjEv7TAjx/EoYP7lPtiy+QmOjKSKy206SEtAKol9PXWbOw==",
      "license": "MIT",
      "peerDependencies": {
        "@deepseek-ai/cordis": "^4.0.1",
        "@deepseek-ai/dsh-brand": "^0.1.1-rc.2",
        "@deepseek-ai/dsh-invariants": "^0.1.1-rc.2",
        "@deepseek-ai/schemastery": "^3.18.1"
      }
    },
    "node_modules/@deepseek-ai/dsh-settings-file": {
      "version": "0.1.1-rc.2",
      "resolved": "https://registry.npmjs.org/@deepseek-ai/dsh-settings-file/-/dsh-settings-file-0.1.1-rc.2.tgz",
      "integrity": "sha512-6EKER/KLEOwmTkB0AMb/Or/UVkeaqxisZ4WKo+tgsYyJYDTBTDOZjVRz+nedK7vLj1AH8JiEKvmAf6FMxkZvrw==",
      "license": "MIT",
      "dependencies": {
        "@deepseek-ai/schemastery": "^3.18.1",
        "chokidar": "^4.0.3",
        "yaml": "^2.9.0"
      },
      "peerDependencies": {
        "@deepseek-ai/cordis": "^4.0.1",
        "@deepseek-ai/dsh-atomic-write": "^0.1.1-rc.2",
        "@deepseek-ai/dsh-home-paths": "^0.1.1-rc.2",
        "@deepseek-ai/dsh-invariants": "^0.1.1-rc.2",
        "@deepseek-ai/dsh-settings": "^0.1.1-rc.2"
      }
    },
    "node_modules/@deepseek-ai/dsh-skill": {
      "version": "0.1.1-rc.2",
      "resolved": "https://registry.npmjs.org/@deepseek-ai/dsh-skill/-/dsh-skill-0.1.1-rc.2.tgz",
      "integrity": "sha512-FACjlOqdsWX+0RtSs3RWrdY0QQEpPJrBfvxUbWSh7E8UyCM8dKdIbsQnuXIjsAgC7GgYp7lyFDSCMovQ3ARp8g==",
      "license": "MIT",
      "dependencies": {
        "@deepseek-ai/schemastery": "^3.18.1"
      },
      "peerDependencies": {
        "@deepseek-ai/cordis": "^4.0.1",
        "@deepseek-ai/dsh-invariants": "^0.1.1-rc.2",
        "@deepseek-ai/dsh-llm": "^0.1.1-rc.2",
        "@deepseek-ai/dsh-scope": "^0.1.1-rc.2"
      }
    },
    "node_modules/@deepseek-ai/dsh-system-prompt": {
      "version": "0.1.1-rc.2",
      "resolved": "https://registry.npmjs.org/@deepseek-ai/dsh-system-prompt/-/dsh-system-prompt-0.1.1-rc.2.tgz",
      "integrity": "sha512-on4hjAlYI5uX9q7Sf95YkMMBVe6heywtA/H50ksrIMUub8U2B98hO9iQpHhjwIO1F1vu+5pLcPvRr6yUGGmtXQ==",
      "license": "MIT",
      "dependencies": {
        "@deepseek-ai/schemastery": "^3.18.1"
      },
      "peerDependencies": {
        "@deepseek-ai/cordis": "^4.0.1",
        "@deepseek-ai/dsh-invariants": "^0.1.1-rc.2",
        "@deepseek-ai/dsh-llm": "^0.1.1-rc.2",
        "@deepseek-ai/dsh-scope": "^0.1.1-rc.2"
      }
    },
    "node_modules/@deepseek-ai/dsh-timeout": {
      "version": "0.1.1-rc.2",
      "resolved": "https://registry.npmjs.org/@deepseek-ai/dsh-timeout/-/dsh-timeout-0.1.1-rc.2.tgz",
      "integrity": "sha512-RrouVgU3G5gXr9zHhpThkMG6YKdcRJzXXdPm1dq3ioBxbvxlfMSfNY4tN8lWMJxLyGtvWkPra0HQX+YWxvdOOA==",
      "license": "MIT",
      "peerDependencies": {
        "@deepseek-ai/cordis": "^4.0.1",
        "@deepseek-ai/dsh-invariants": "^0.1.1-rc.2"
      }
    },
    "node_modules/@deepseek-ai/dsh-tool-cordis": {
      "version": "0.1.1-rc.2",
      "resolved": "https://registry.npmjs.org/@deepseek-ai/dsh-tool-cordis/-/dsh-tool-cordis-0.1.1-rc.2.tgz",
      "integrity": "sha512-cBgfa+0Al94/ur+jaWk2uHZ2ChFw3Mf9nmgaFcToFxkBDAcSCpeKjXK27aw/g2EIz3MvPMzOJo9MLDF3WkUEZg==",
      "license": "MIT",
      "peerDependencies": {
        "@deepseek-ai/cordis": "^4.0.1",
        "@deepseek-ai/dsh-agent": "^0.1.1-rc.2",
        "@deepseek-ai/dsh-cordis-host-runner": "^0.1.1-rc.2",
        "@deepseek-ai/dsh-invariants": "^0.1.1-rc.2",
        "@deepseek-ai/dsh-llm": "^0.1.1-rc.2",
        "@deepseek-ai/dsh-scope": "^0.1.1-rc.2",
        "@deepseek-ai/dsh-session": "^0.1.1-rc.2",
        "@deepseek-ai/dsh-system-prompt": "^0.1.1-rc.2",
        "@deepseek-ai/dsh-tools": "^0.1.1-rc.2"
      }
    },
    "node_modules/@deepseek-ai/dsh-tools": {
      "version": "0.1.1-rc.2",
      "resolved": "https://registry.npmjs.org/@deepseek-ai/dsh-tools/-/dsh-tools-0.1.1-rc.2.tgz",
      "integrity": "sha512-0GGL4D55MwYDepzZMOI3L0ycu5b2qr96GL0Y7snwhAnpK2Di61rbX3fJE+PB3ZrovGX0csIRdt9n3iJZDVtDrw==",
      "license": "MIT",
      "dependencies": {
        "@deepseek-ai/schemastery": "^3.18.1"
      },
      "peerDependencies": {
        "@deepseek-ai/cordis": "^4.0.1",
        "@deepseek-ai/dsh-agent": "^0.1.1-rc.2",
        "@deepseek-ai/dsh-code-runtime": "^0.1.1-rc.2",
        "@deepseek-ai/dsh-invariants": "^0.1.1-rc.2",
        "@deepseek-ai/dsh-llm": "^0.1.1-rc.2",
        "@deepseek-ai/dsh-scope": "^0.1.1-rc.2",
        "@deepseek-ai/dsh-session": "^0.1.1-rc.2",
        "@deepseek-ai/dsh-system-prompt": "^0.1.1-rc.2",
        "@deepseek-ai/dsh-user-approval": "^0.1.1-rc.2"
      }
    },
    "node_modules/@deepseek-ai/dsh-typert-protocol": {
      "version": "0.1.1-rc.2",
      "resolved": "https://registry.npmjs.org/@deepseek-ai/dsh-typert-protocol/-/dsh-typert-protocol-0.1.1-rc.2.tgz",
      "integrity": "sha512-lxBssDc5Pz1qBE5kuIyaArA7AvIPq9rpaVclylodiSzVJe95e2xruBg73tflyjtd8y00toet+DLgQ6tSSsq6Kw==",
      "license": "MIT",
      "peerDependencies": {
        "@deepseek-ai/cordis": "^4.0.1",
        "@deepseek-ai/dsh-invariants": "^0.1.1-rc.2"
      }
    },
    "node_modules/@deepseek-ai/dsh-user-approval": {
      "version": "0.1.1-rc.2",
      "resolved": "https://registry.npmjs.org/@deepseek-ai/dsh-user-approval/-/dsh-user-approval-0.1.1-rc.2.tgz",
      "integrity": "sha512-SdsO4Rs+NeJFoertkVilXBACREOLfkKPJJznYKqDhJxeRo38RJ56dtj0Xd0/6rERmsQiMck4Bwdrzg1ubUqPNA==",
      "license": "MIT",
      "dependencies": {
        "@deepseek-ai/schemastery": "^3.18.1"
      },
      "peerDependencies": {
        "@deepseek-ai/cordis": "^4.0.1",
        "@deepseek-ai/dsh-agent": "^0.1.1-rc.2",
        "@deepseek-ai/dsh-brand": "^0.1.1-rc.2",
        "@deepseek-ai/dsh-invariants": "^0.1.1-rc.2",
        "@deepseek-ai/dsh-llm": "^0.1.1-rc.2",
        "@deepseek-ai/dsh-scope": "^0.1.1-rc.2",
        "@deepseek-ai/dsh-session": "^0.1.1-rc.2",
        "@deepseek-ai/dsh-system-prompt": "^0.1.1-rc.2"
      }
    },
    "node_modules/@deepseek-ai/schemastery": {
      "version": "3.18.1",
      "resolved": "https://registry.npmjs.org/@deepseek-ai/schemastery/-/schemastery-3.18.1.tgz",
      "integrity": "sha512-Qn0FCSwCQnpnj6SB31I6i2sIKgKWnkbJM8O0EU91Gv2UsYVvtZTl6IA0sCwk2e2MZf5S8w5hpq9QkeVvK9qwxg==",
      "license": "MIT",
      "dependencies": {
        "@deepseek-ai/cosmokit": "^1.8.2",
        "@standard-schema/spec": "^1.1.0"
      }
    },
    "node_modules/@standard-schema/spec": {
      "version": "1.1.0",
      "resolved": "https://registry.npmjs.org/@standard-schema/spec/-/spec-1.1.0.tgz",
      "integrity": "sha512-l2aFy5jALhniG5HgqrD6jXLi/rUWrKvqN/qJx6yoJsgKhblVd+iqqU4RCXavm/jPityDo5TCvKMnpjKnOriy0w==",
      "license": "MIT"
    },
    "node_modules/argparse": {
      "version": "2.0.1",
      "resolved": "https://registry.npmjs.org/argparse/-/argparse-2.0.1.tgz",
      "integrity": "sha512-8+9WqebbFzpX9OR+Wa6O29asIogeRMzcGtAINdpMHHyAg10f05aSFVBbcEqGf/PXw1EjAZ+q2/bEBg3DvurK3Q==",
      "license": "Python-2.0"
    },
    "node_modules/chokidar": {
      "version": "4.0.3",
      "resolved": "https://registry.npmjs.org/chokidar/-/chokidar-4.0.3.tgz",
      "integrity": "sha512-Qgzu8kfBvo+cA4962jnP1KkS6Dop5NS6g7R5LFYJr4b8Ub94PPQXUksCw9PvXoeXPRRddRNC5C1JQUR2SMGtnA==",
      "license": "MIT",
      "dependencies": {
        "readdirp": "^4.0.1"
      },
      "engines": {
        "node": ">= 14.16.0"
      },
      "funding": {
        "url": "https://paulmillr.com/funding/"
      }
    },
    "node_modules/js-yaml": {
      "version": "4.3.1",
      "resolved": "https://registry.npmjs.org/js-yaml/-/js-yaml-4.3.1.tgz",
      "integrity": "sha512-CY6crGq313MX8GkwvB7tzgp99vjQxY1++5y10/BKN/GUfHqWaOGQMNZkBvqSzsZKWk/ijwHlWzzkLulsGHhjWQ==",
      "funding": [
        {
          "type": "github",
          "url": "https://github.com/sponsors/puzrin"
        },
        {
          "type": "github",
          "url": "https://github.com/sponsors/nodeca"
        }
      ],
      "license": "MIT",
      "dependencies": {
        "argparse": "^2.0.1"
      },
      "bin": {
        "js-yaml": "bin/js-yaml.js"
      }
    },
    "node_modules/pend": {
      "version": "1.2.0",
      "resolved": "https://registry.npmjs.org/pend/-/pend-1.2.0.tgz",
      "integrity": "sha512-F3asv42UuXchdzt+xXqfW1OGlVBe+mxa2mqI0pg5yAHZPvFmY3Y6drSf/GQ1A86WgWEN9Kzh/WrgKa6iGcHXLg==",
      "license": "MIT"
    },
    "node_modules/readdirp": {
      "version": "4.1.2",
      "resolved": "https://registry.npmjs.org/readdirp/-/readdirp-4.1.2.tgz",
      "integrity": "sha512-GDhwkLfywWL2s6vEjyhri+eXmfH6j1L7JE27WhqLeYzoh/A3DBaYGEj2H/HFZCn/kMfim73FXxEJTw06WtxQwg==",
      "license": "MIT",
      "engines": {
        "node": ">= 14.18.0"
      },
      "funding": {
        "type": "individual",
        "url": "https://paulmillr.com/funding/"
      }
    },
    "node_modules/yaml": {
      "version": "2.9.0",
      "resolved": "https://registry.npmjs.org/yaml/-/yaml-2.9.0.tgz",
      "integrity": "sha512-2AvhNX3mb8zd6Zy7INTtSpl1F15HW6Wnqj0srWlkKLcpYl/gMIMJiyuGq2KeI2YFxUPjdlB+3Lc10seMLtL4cA==",
      "license": "ISC",
      "bin": {
        "yaml": "bin.mjs"
      },
      "engines": {
        "node": ">= 14.6"
      },
      "funding": {
        "url": "https://github.com/sponsors/eemeli"
      }
    },
    "node_modules/yauzl": {
      "version": "3.4.0",
      "resolved": "https://registry.npmjs.org/yauzl/-/yauzl-3.4.0.tgz",
      "integrity": "sha512-jIH9yLR9wqr0wOS0TpBvo/g/2UgZH5qePVbjgRliiF0BYvOZyaBknKsF+x9Iht0O6sqgnB93rCICdOZFecJuDw==",
      "license": "MIT",
      "dependencies": {
        "pend": "~1.2.0"
      },
      "engines": {
        "node": ">=12"
      }
    },
    "node_modules/zod": {
      "version": "4.4.3",
      "resolved": "https://registry.npmjs.org/zod/-/zod-4.4.3.tgz",
      "integrity": "sha512-ytENFjIJFl2UwYglde2jchW2Hwm4GJFLDiSXWdTrJQBIN9Fcyp7n4DhxJEiWNAJMV1/BqWfW/kkg71UDcHJyTQ==",
      "license": "MIT",
      "funding": {
        "url": "https://github.com/sponsors/colinhacks"
      }
    }
  }
}
